// !$*UTF8*$!
{
	archiveVersion = 1;
	classes = {
	};
	objectVersion = 56;
	objects = {

/* Begin PBXBuildFile section */
		220880672AD708B700B54E58 /* TetrisApp.swift in Sources */ = {isa = PBXBuildFile; fileRef = 220880662AD708B700B54E58 /* TetrisApp.swift */; };
		220880692AD708B700B54E58 /* MainMenu.swift in Sources */ = {isa = PBXBuildFile; fileRef = 220880682AD708B700B54E58 /* MainMenu.swift */; };
		2208806B2AD708B700B54E58 /* Assets.xcassets in Resources */ = {isa = PBXBuildFile; fileRef = 2208806A2AD708B700B54E58 /* Assets.xcassets */; };
		2208806E2AD708B700B54E58 /* Preview Assets.xcassets in Resources */ = {isa = PBXBuildFile; fileRef = 2208806D2AD708B700B54E58 /* Preview Assets.xcassets */; };
		2213ED112AE52ED100F15735 /* Tetromino.swift in Sources */ = {isa = PBXBuildFile; fileRef = 2213ED102AE52ED100F15735 /* Tetromino.swift */; };
		221C1D242B04B88300C015A4 /* ARGameView.swift in Sources */ = {isa = PBXBuildFile; fileRef = 221C1D232B04B88300C015A4 /* ARGameView.swift */; };
		2229EB982AF4F90E007CAB88 /* HapticManager.swift in Sources */ = {isa = PBXBuildFile; fileRef = 2229EB972AF4F90E007CAB88 /* HapticManager.swift */; };
		222EDE902AF26166005882F4 /* UserCustomization.swift in Sources */ = {isa = PBXBuildFile; fileRef = 222EDE8F2AF26166005882F4 /* UserCustomization.swift */; };
		222EFF3B2B02123400C392AE /* ARGameViewRepresentable.swift in Sources */ = {isa = PBXBuildFile; fileRef = 222EFF3A2B02123400C392AE /* ARGameViewRepresentable.swift */; };
		222EFF3E2B02134400C392AE /* Cell3D.swift in Sources */ = {isa = PBXBuildFile; fileRef = 222EFF3D2B02134400C392AE /* Cell3D.swift */; };
		222EFF402B02134A00C392AE /* Frame3D.swift in Sources */ = {isa = PBXBuildFile; fileRef = 222EFF3F2B02134A00C392AE /* Frame3D.swift */; };
		22365F8C2AFD579B00270FEE /* NextShapeView.swift in Sources */ = {isa = PBXBuildFile; fileRef = 22365F8B2AFD579B00270FEE /* NextShapeView.swift */; };
		223CD81C2AEA870100A0134A /* I_Shape.swift in Sources */ = {isa = PBXBuildFile; fileRef = 223CD81B2AEA870100A0134A /* I_Shape.swift */; };
		223CD81E2AEA870D00A0134A /* S_Shape.swift in Sources */ = {isa = PBXBuildFile; fileRef = 223CD81D2AEA870D00A0134A /* S_Shape.swift */; };
		223CD8202AEA871500A0134A /* Z_Shape.swift in Sources */ = {isa = PBXBuildFile; fileRef = 223CD81F2AEA871500A0134A /* Z_Shape.swift */; };
		223CD8222AEA872000A0134A /* L_Shape.swift in Sources */ = {isa = PBXBuildFile; fileRef = 223CD8212AEA872000A0134A /* L_Shape.swift */; };
		223CD8242AEA872700A0134A /* J_Shape.swift in Sources */ = {isa = PBXBuildFile; fileRef = 223CD8232AEA872700A0134A /* J_Shape.swift */; };
		223CD8262AEA873300A0134A /* O_Shape.swift in Sources */ = {isa = PBXBuildFile; fileRef = 223CD8252AEA873300A0134A /* O_Shape.swift */; };
		223CD8282AEA873B00A0134A /* T_Shape.swift in Sources */ = {isa = PBXBuildFile; fileRef = 223CD8272AEA873B00A0134A /* T_Shape.swift */; };
		223F693B2AE4823600F71484 /* BackgroundAnimation.swift in Sources */ = {isa = PBXBuildFile; fileRef = 223F693A2AE4823600F71484 /* BackgroundAnimation.swift */; };
		2244E90B2B019A260063FF6C /* ARGameViewController.swift in Sources */ = {isa = PBXBuildFile; fileRef = 2244E90A2B019A260063FF6C /* ARGameViewController.swift */; };
		224548502AE1BBF300A81DE4 /* Сolors.swift in Sources */ = {isa = PBXBuildFile; fileRef = 2245484F2AE1BBF300A81DE4 /* Сolors.swift */; };
		2251C16B2B11213500514B8B /* ARPauseView.swift in Sources */ = {isa = PBXBuildFile; fileRef = 2251C16A2B11213500514B8B /* ARPauseView.swift */; };
		2251C16D2B11213D00514B8B /* ARLoseView.swift in Sources */ = {isa = PBXBuildFile; fileRef = 2251C16C2B11213D00514B8B /* ARLoseView.swift */; };
		22558B482AF7E87800F1B9E6 /* GlowingDivider.swift in Sources */ = {isa = PBXBuildFile; fileRef = 22558B472AF7E87800F1B9E6 /* GlowingDivider.swift */; };
		22558B4A2AF7E98700F1B9E6 /* EndGameButton.swift in Sources */ = {isa = PBXBuildFile; fileRef = 22558B492AF7E98700F1B9E6 /* EndGameButton.swift */; };
		22558B4C2AF7F2B000F1B9E6 /* PixelText.swift in Sources */ = {isa = PBXBuildFile; fileRef = 22558B4B2AF7F2B000F1B9E6 /* PixelText.swift */; };
		22558B4E2AF8639500F1B9E6 /* StatisticsView.swift in Sources */ = {isa = PBXBuildFile; fileRef = 22558B4D2AF8639500F1B9E6 /* StatisticsView.swift */; };
		22558B512AF8654E00F1B9E6 /* UserStatistics.swift in Sources */ = {isa = PBXBuildFile; fileRef = 22558B502AF8654E00F1B9E6 /* UserStatistics.swift */; };
		2269C5A32AFEC6B200E76F0F /* NavigationStackManager.swift in Sources */ = {isa = PBXBuildFile; fileRef = 2269C5A22AFEC6B200E76F0F /* NavigationStackManager.swift */; };
		226E668E2ADFC4FD0084B35D /* GameLogo.swift in Sources */ = {isa = PBXBuildFile; fileRef = 226E668D2ADFC4FD0084B35D /* GameLogo.swift */; };
		226E66A22ADFDA8C0084B35D /* PixelFont.TTF in Resources */ = {isa = PBXBuildFile; fileRef = 226E66A12ADFDA8C0084B35D /* PixelFont.TTF */; };
		226E66A92ADFE55A0084B35D /* MenuRoundedButton.swift in Sources */ = {isa = PBXBuildFile; fileRef = 226E66A82ADFE55A0084B35D /* MenuRoundedButton.swift */; };
		226E66AB2ADFEC300084B35D /* GameScene.swift in Sources */ = {isa = PBXBuildFile; fileRef = 226E66AA2ADFEC300084B35D /* GameScene.swift */; };
		226E66AD2AE03FAF0084B35D /* GameView.swift in Sources */ = {isa = PBXBuildFile; fileRef = 226E66AC2AE03FAF0084B35D /* GameView.swift */; };
		226E66AF2AE059A80084B35D /* Cell2D.swift in Sources */ = {isa = PBXBuildFile; fileRef = 226E66AE2AE059A80084B35D /* Cell2D.swift */; };
		229C52B02AEEB426004FDBAD /* PauseView.swift in Sources */ = {isa = PBXBuildFile; fileRef = 229C52AF2AEEB426004FDBAD /* PauseView.swift */; };
		229C52B22AEEB42E004FDBAD /* LoseView.swift in Sources */ = {isa = PBXBuildFile; fileRef = 229C52B12AEEB42E004FDBAD /* LoseView.swift */; };
		22A52ACC2B0B2DF600B21720 /* NextShapeView3D.swift in Sources */ = {isa = PBXBuildFile; fileRef = 22A52ACB2B0B2DF600B21720 /* NextShapeView3D.swift */; };
		22A52ACE2B0B452900B21720 /* Cell.swift in Sources */ = {isa = PBXBuildFile; fileRef = 22A52ACD2B0B452900B21720 /* Cell.swift */; };
		22C28AA92AFC31AC002A753A /* Frame2D.swift in Sources */ = {isa = PBXBuildFile; fileRef = 22C28AA82AFC31AC002A753A /* Frame2D.swift */; };
		22D40FF02B13BC2200FB1E76 /* MoneyGainingLogic.swift in Sources */ = {isa = PBXBuildFile; fileRef = 22D40FEF2B13BC2200FB1E76 /* MoneyGainingLogic.swift */; };
		22EE13F52B093A3100EC7C6B /* Plane.swift in Sources */ = {isa = PBXBuildFile; fileRef = 22EE13F42B093A3100EC7C6B /* Plane.swift */; };
/* End PBXBuildFile section */

/* Begin PBXFileReference section */
		220880632AD708B700B54E58 /* Tetris.app */ = {isa = PBXFileReference; explicitFileType = wrapper.application; includeInIndex = 0; path = Tetris.app; sourceTree = BUILT_PRODUCTS_DIR; };
		220880662AD708B700B54E58 /* TetrisApp.swift */ = {isa = PBXFileReference; lastKnownFileType = sourcecode.swift; path = TetrisApp.swift; sourceTree = "<group>"; };
		220880682AD708B700B54E58 /* MainMenu.swift */ = {isa = PBXFileReference; lastKnownFileType = sourcecode.swift; path = MainMenu.swift; sourceTree = "<group>"; };
		2208806A2AD708B700B54E58 /* Assets.xcassets */ = {isa = PBXFileReference; lastKnownFileType = folder.assetcatalog; path = Assets.xcassets; sourceTree = "<group>"; };
		2208806D2AD708B700B54E58 /* Preview Assets.xcassets */ = {isa = PBXFileReference; lastKnownFileType = folder.assetcatalog; path = "Preview Assets.xcassets"; sourceTree = "<group>"; };
		2213ED102AE52ED100F15735 /* Tetromino.swift */ = {isa = PBXFileReference; lastKnownFileType = sourcecode.swift; path = Tetromino.swift; sourceTree = "<group>"; };
		221C1D232B04B88300C015A4 /* ARGameView.swift */ = {isa = PBXFileReference; lastKnownFileType = sourcecode.swift; path = ARGameView.swift; sourceTree = "<group>"; };
		2229EB972AF4F90E007CAB88 /* HapticManager.swift */ = {isa = PBXFileReference; lastKnownFileType = sourcecode.swift; path = HapticManager.swift; sourceTree = "<group>"; };
		222EDE8F2AF26166005882F4 /* UserCustomization.swift */ = {isa = PBXFileReference; lastKnownFileType = sourcecode.swift; path = UserCustomization.swift; sourceTree = "<group>"; };
		222EFF3A2B02123400C392AE /* ARGameViewRepresentable.swift */ = {isa = PBXFileReference; lastKnownFileType = sourcecode.swift; path = ARGameViewRepresentable.swift; sourceTree = "<group>"; };
		222EFF3D2B02134400C392AE /* Cell3D.swift */ = {isa = PBXFileReference; lastKnownFileType = sourcecode.swift; path = Cell3D.swift; sourceTree = "<group>"; };
		222EFF3F2B02134A00C392AE /* Frame3D.swift */ = {isa = PBXFileReference; lastKnownFileType = sourcecode.swift; path = Frame3D.swift; sourceTree = "<group>"; };
		22365F8B2AFD579B00270FEE /* NextShapeView.swift */ = {isa = PBXFileReference; lastKnownFileType = sourcecode.swift; path = NextShapeView.swift; sourceTree = "<group>"; };
		223CD81B2AEA870100A0134A /* I_Shape.swift */ = {isa = PBXFileReference; lastKnownFileType = sourcecode.swift; path = I_Shape.swift; sourceTree = "<group>"; };
		223CD81D2AEA870D00A0134A /* S_Shape.swift */ = {isa = PBXFileReference; lastKnownFileType = sourcecode.swift; path = S_Shape.swift; sourceTree = "<group>"; };
		223CD81F2AEA871500A0134A /* Z_Shape.swift */ = {isa = PBXFileReference; lastKnownFileType = sourcecode.swift; path = Z_Shape.swift; sourceTree = "<group>"; };
		223CD8212AEA872000A0134A /* L_Shape.swift */ = {isa = PBXFileReference; lastKnownFileType = sourcecode.swift; path = L_Shape.swift; sourceTree = "<group>"; };
		223CD8232AEA872700A0134A /* J_Shape.swift */ = {isa = PBXFileReference; lastKnownFileType = sourcecode.swift; path = J_Shape.swift; sourceTree = "<group>"; };
		223CD8252AEA873300A0134A /* O_Shape.swift */ = {isa = PBXFileReference; lastKnownFileType = sourcecode.swift; path = O_Shape.swift; sourceTree = "<group>"; };
		223CD8272AEA873B00A0134A /* T_Shape.swift */ = {isa = PBXFileReference; lastKnownFileType = sourcecode.swift; path = T_Shape.swift; sourceTree = "<group>"; };
		223F693A2AE4823600F71484 /* BackgroundAnimation.swift */ = {isa = PBXFileReference; lastKnownFileType = sourcecode.swift; path = BackgroundAnimation.swift; sourceTree = "<group>"; };
		2244E90A2B019A260063FF6C /* ARGameViewController.swift */ = {isa = PBXFileReference; lastKnownFileType = sourcecode.swift; path = ARGameViewController.swift; sourceTree = "<group>"; };
		2245484F2AE1BBF300A81DE4 /* Сolors.swift */ = {isa = PBXFileReference; lastKnownFileType = sourcecode.swift; path = "Сolors.swift"; sourceTree = "<group>"; };
		2251C16A2B11213500514B8B /* ARPauseView.swift */ = {isa = PBXFileReference; lastKnownFileType = sourcecode.swift; path = ARPauseView.swift; sourceTree = "<group>"; };
		2251C16C2B11213D00514B8B /* ARLoseView.swift */ = {isa = PBXFileReference; lastKnownFileType = sourcecode.swift; path = ARLoseView.swift; sourceTree = "<group>"; };
		22558B472AF7E87800F1B9E6 /* GlowingDivider.swift */ = {isa = PBXFileReference; lastKnownFileType = sourcecode.swift; path = GlowingDivider.swift; sourceTree = "<group>"; };
		22558B492AF7E98700F1B9E6 /* EndGameButton.swift */ = {isa = PBXFileReference; lastKnownFileType = sourcecode.swift; path = EndGameButton.swift; sourceTree = "<group>"; };
		22558B4B2AF7F2B000F1B9E6 /* PixelText.swift */ = {isa = PBXFileReference; lastKnownFileType = sourcecode.swift; path = PixelText.swift; sourceTree = "<group>"; };
		22558B4D2AF8639500F1B9E6 /* StatisticsView.swift */ = {isa = PBXFileReference; lastKnownFileType = sourcecode.swift; path = StatisticsView.swift; sourceTree = "<group>"; };
		22558B502AF8654E00F1B9E6 /* UserStatistics.swift */ = {isa = PBXFileReference; lastKnownFileType = sourcecode.swift; path = UserStatistics.swift; sourceTree = "<group>"; };
		2269C5A22AFEC6B200E76F0F /* NavigationStackManager.swift */ = {isa = PBXFileReference; lastKnownFileType = sourcecode.swift; path = NavigationStackManager.swift; sourceTree = "<group>"; };
		226E668D2ADFC4FD0084B35D /* GameLogo.swift */ = {isa = PBXFileReference; lastKnownFileType = sourcecode.swift; path = GameLogo.swift; sourceTree = "<group>"; };
		226E66942ADFC6290084B35D /* Info.plist */ = {isa = PBXFileReference; lastKnownFileType = text.plist.xml; path = Info.plist; sourceTree = "<group>"; };
		226E66A12ADFDA8C0084B35D /* PixelFont.TTF */ = {isa = PBXFileReference; lastKnownFileType = file; path = PixelFont.TTF; sourceTree = "<group>"; };
		226E66A82ADFE55A0084B35D /* MenuRoundedButton.swift */ = {isa = PBXFileReference; lastKnownFileType = sourcecode.swift; path = MenuRoundedButton.swift; sourceTree = "<group>"; };
		226E66AA2ADFEC300084B35D /* GameScene.swift */ = {isa = PBXFileReference; lastKnownFileType = sourcecode.swift; path = GameScene.swift; sourceTree = "<group>"; };
		226E66AC2AE03FAF0084B35D /* GameView.swift */ = {isa = PBXFileReference; lastKnownFileType = sourcecode.swift; path = GameView.swift; sourceTree = "<group>"; };
		226E66AE2AE059A80084B35D /* Cell2D.swift */ = {isa = PBXFileReference; lastKnownFileType = sourcecode.swift; path = Cell2D.swift; sourceTree = "<group>"; };
		229C52AF2AEEB426004FDBAD /* PauseView.swift */ = {isa = PBXFileReference; lastKnownFileType = sourcecode.swift; path = PauseView.swift; sourceTree = "<group>"; };
		229C52B12AEEB42E004FDBAD /* LoseView.swift */ = {isa = PBXFileReference; lastKnownFileType = sourcecode.swift; path = LoseView.swift; sourceTree = "<group>"; };
		22A52ACB2B0B2DF600B21720 /* NextShapeView3D.swift */ = {isa = PBXFileReference; lastKnownFileType = sourcecode.swift; path = NextShapeView3D.swift; sourceTree = "<group>"; };
		22A52ACD2B0B452900B21720 /* Cell.swift */ = {isa = PBXFileReference; lastKnownFileType = sourcecode.swift; path = Cell.swift; sourceTree = "<group>"; };
		22C28AA82AFC31AC002A753A /* Frame2D.swift */ = {isa = PBXFileReference; lastKnownFileType = sourcecode.swift; path = Frame2D.swift; sourceTree = "<group>"; };
		22D40FEF2B13BC2200FB1E76 /* MoneyGainingLogic.swift */ = {isa = PBXFileReference; lastKnownFileType = sourcecode.swift; path = MoneyGainingLogic.swift; sourceTree = "<group>"; };
		22EE13F42B093A3100EC7C6B /* Plane.swift */ = {isa = PBXFileReference; lastKnownFileType = sourcecode.swift; path = Plane.swift; sourceTree = "<group>"; };
/* End PBXFileReference section */

/* Begin PBXFrameworksBuildPhase section */
		220880602AD708B700B54E58 /* Frameworks */ = {
			isa = PBXFrameworksBuildPhase;
			buildActionMask = 2147483647;
			files = (
			);
			runOnlyForDeploymentPostprocessing = 0;
		};
/* End PBXFrameworksBuildPhase section */

/* Begin PBXGroup section */
		2208805A2AD708B700B54E58 = {
			isa = PBXGroup;
			children = (
				220880652AD708B700B54E58 /* Tetris */,
				220880642AD708B700B54E58 /* Products */,
			);
			sourceTree = "<group>";
		};
		220880642AD708B700B54E58 /* Products */ = {
			isa = PBXGroup;
			children = (
				220880632AD708B700B54E58 /* Tetris.app */,
			);
			name = Products;
			sourceTree = "<group>";
		};
		220880652AD708B700B54E58 /* Tetris */ = {
			isa = PBXGroup;
			children = (
				226E66942ADFC6290084B35D /* Info.plist */,
				220880662AD708B700B54E58 /* TetrisApp.swift */,
				2269C5A22AFEC6B200E76F0F /* NavigationStackManager.swift */,
				2213ED142AE52F2600F15735 /* MainMenu */,
				2213ED132AE52F0600F15735 /* Game */,
				222EDE8D2AF26125005882F4 /* Shop */,
				22558B522AF8666400F1B9E6 /* Statistics */,
				223F693A2AE4823600F71484 /* BackgroundAnimation.swift */,
				2229EB9C2AF4FF31007CAB88 /* Views */,
				2229EB972AF4F90E007CAB88 /* HapticManager.swift */,
				2245484F2AE1BBF300A81DE4 /* Сolors.swift */,
				226E66A12ADFDA8C0084B35D /* PixelFont.TTF */,
				2208806A2AD708B700B54E58 /* Assets.xcassets */,
				2208806C2AD708B700B54E58 /* Preview Content */,
			);
			path = Tetris;
			sourceTree = "<group>";
		};
		2208806C2AD708B700B54E58 /* Preview Content */ = {
			isa = PBXGroup;
			children = (
				2208806D2AD708B700B54E58 /* Preview Assets.xcassets */,
			);
			path = "Preview Content";
			sourceTree = "<group>";
		};
		2213ED122AE52ED500F15735 /* Tetrominos */ = {
			isa = PBXGroup;
			children = (
				2213ED102AE52ED100F15735 /* Tetromino.swift */,
				223CD81B2AEA870100A0134A /* I_Shape.swift */,
				223CD81D2AEA870D00A0134A /* S_Shape.swift */,
				223CD81F2AEA871500A0134A /* Z_Shape.swift */,
				223CD8212AEA872000A0134A /* L_Shape.swift */,
				223CD8232AEA872700A0134A /* J_Shape.swift */,
				223CD8252AEA873300A0134A /* O_Shape.swift */,
				223CD8272AEA873B00A0134A /* T_Shape.swift */,
			);
			path = Tetrominos;
			sourceTree = "<group>";
		};
		2213ED132AE52F0600F15735 /* Game */ = {
			isa = PBXGroup;
			children = (
				22A52ACD2B0B452900B21720 /* Cell.swift */,
				22558B542AF9163600F1B9E6 /* 2D */,
				22558B532AF9113800F1B9E6 /* 3D */,
				2229EB992AF4FDE8007CAB88 /* InGameLogicViews */,
				2213ED122AE52ED500F15735 /* Tetrominos */,
			);
			path = Game;
			sourceTree = "<group>";
		};
		2213ED142AE52F2600F15735 /* MainMenu */ = {
			isa = PBXGroup;
			children = (
				22D40FEF2B13BC2200FB1E76 /* MoneyGainingLogic.swift */,
				220880682AD708B700B54E58 /* MainMenu.swift */,
				226E66A72ADFE5250084B35D /* MainMenuViews */,
			);
			path = MainMenu;
			sourceTree = "<group>";
		};
		2213ED152AE52F4200F15735 /* GameModel */ = {
			isa = PBXGroup;
			children = (
				226E66AA2ADFEC300084B35D /* GameScene.swift */,
				22365F8B2AFD579B00270FEE /* NextShapeView.swift */,
				22C28AA82AFC31AC002A753A /* Frame2D.swift */,
				226E66AE2AE059A80084B35D /* Cell2D.swift */,
			);
			path = GameModel;
			sourceTree = "<group>";
		};
		2229EB992AF4FDE8007CAB88 /* InGameLogicViews */ = {
			isa = PBXGroup;
			children = (
				229C52B12AEEB42E004FDBAD /* LoseView.swift */,
				229C52AF2AEEB426004FDBAD /* PauseView.swift */,
			);
			path = InGameLogicViews;
			sourceTree = "<group>";
		};
		2229EB9C2AF4FF31007CAB88 /* Views */ = {
			isa = PBXGroup;
			children = (
				22558B472AF7E87800F1B9E6 /* GlowingDivider.swift */,
				22558B492AF7E98700F1B9E6 /* EndGameButton.swift */,
				22558B4B2AF7F2B000F1B9E6 /* PixelText.swift */,
			);
			path = Views;
			sourceTree = "<group>";
		};
		222EDE8D2AF26125005882F4 /* Shop */ = {
			isa = PBXGroup;
			children = (
				222EDE8E2AF26136005882F4 /* ShopModel */,
			);
			path = Shop;
			sourceTree = "<group>";
		};
		222EDE8E2AF26136005882F4 /* ShopModel */ = {
			isa = PBXGroup;
			children = (
				222EDE8F2AF26166005882F4 /* UserCustomization.swift */,
			);
			path = ShopModel;
			sourceTree = "<group>";
		};
		222EFF3C2B02132F00C392AE /* 3DGameModel */ = {
			isa = PBXGroup;
			children = (
				222EFF3F2B02134A00C392AE /* Frame3D.swift */,
				222EFF3D2B02134400C392AE /* Cell3D.swift */,
				22EE13F42B093A3100EC7C6B /* Plane.swift */,
				22A52ACB2B0B2DF600B21720 /* NextShapeView3D.swift */,
			);
			path = 3DGameModel;
			sourceTree = "<group>";
		};
		2251C1692B11212500514B8B /* InGameLogicViews */ = {
			isa = PBXGroup;
			children = (
				2251C16A2B11213500514B8B /* ARPauseView.swift */,
				2251C16C2B11213D00514B8B /* ARLoseView.swift */,
			);
			path = InGameLogicViews;
			sourceTree = "<group>";
		};
		22558B4F2AF8653F00F1B9E6 /* StatsModel */ = {
			isa = PBXGroup;
			children = (
				22558B502AF8654E00F1B9E6 /* UserStatistics.swift */,
			);
			path = StatsModel;
			sourceTree = "<group>";
		};
		22558B522AF8666400F1B9E6 /* Statistics */ = {
			isa = PBXGroup;
			children = (
				22558B4D2AF8639500F1B9E6 /* StatisticsView.swift */,
				22558B4F2AF8653F00F1B9E6 /* StatsModel */,
			);
			path = Statistics;
			sourceTree = "<group>";
		};
		22558B532AF9113800F1B9E6 /* 3D */ = {
			isa = PBXGroup;
			children = (
				222EFF3C2B02132F00C392AE /* 3DGameModel */,
				2244E90A2B019A260063FF6C /* ARGameViewController.swift */,
				222EFF3A2B02123400C392AE /* ARGameViewRepresentable.swift */,
				221C1D232B04B88300C015A4 /* ARGameView.swift */,
				2251C1692B11212500514B8B /* InGameLogicViews */,
			);
			path = 3D;
			sourceTree = "<group>";
		};
		22558B542AF9163600F1B9E6 /* 2D */ = {
			isa = PBXGroup;
			children = (
				2213ED152AE52F4200F15735 /* GameModel */,
				226E66AC2AE03FAF0084B35D /* GameView.swift */,
			);
			path = 2D;
			sourceTree = "<group>";
		};
		226E66A72ADFE5250084B35D /* MainMenuViews */ = {
			isa = PBXGroup;
			children = (
				226E668D2ADFC4FD0084B35D /* GameLogo.swift */,
				226E66A82ADFE55A0084B35D /* MenuRoundedButton.swift */,
			);
			path = MainMenuViews;
			sourceTree = "<group>";
		};
/* End PBXGroup section */

/* Begin PBXNativeTarget section */
		220880622AD708B700B54E58 /* Tetris */ = {
			isa = PBXNativeTarget;
			buildConfigurationList = 220880712AD708B700B54E58 /* Build configuration list for PBXNativeTarget "Tetris" */;
			buildPhases = (
				2208805F2AD708B700B54E58 /* Sources */,
				220880602AD708B700B54E58 /* Frameworks */,
				220880612AD708B700B54E58 /* Resources */,
			);
			buildRules = (
			);
			dependencies = (
			);
			name = Tetris;
			productName = Tetris;
			productReference = 220880632AD708B700B54E58 /* Tetris.app */;
			productType = "com.apple.product-type.application";
		};
/* End PBXNativeTarget section */

/* Begin PBXProject section */
		2208805B2AD708B700B54E58 /* Project object */ = {
			isa = PBXProject;
			attributes = {
				BuildIndependentTargetsInParallel = 1;
				LastSwiftUpdateCheck = 1500;
				LastUpgradeCheck = 1500;
				TargetAttributes = {
					220880622AD708B700B54E58 = {
						CreatedOnToolsVersion = 15.0;
					};
				};
			};
			buildConfigurationList = 2208805E2AD708B700B54E58 /* Build configuration list for PBXProject "Tetris" */;
			compatibilityVersion = "Xcode 14.0";
			developmentRegion = en;
			hasScannedForEncodings = 0;
			knownRegions = (
				en,
				Base,
			);
			mainGroup = 2208805A2AD708B700B54E58;
			productRefGroup = 220880642AD708B700B54E58 /* Products */;
			projectDirPath = "";
			projectRoot = "";
			targets = (
				220880622AD708B700B54E58 /* Tetris */,
			);
		};
/* End PBXProject section */

/* Begin PBXResourcesBuildPhase section */
		220880612AD708B700B54E58 /* Resources */ = {
			isa = PBXResourcesBuildPhase;
			buildActionMask = 2147483647;
			files = (
				226E66A22ADFDA8C0084B35D /* PixelFont.TTF in Resources */,
				2208806E2AD708B700B54E58 /* Preview Assets.xcassets in Resources */,
				2208806B2AD708B700B54E58 /* Assets.xcassets in Resources */,
			);
			runOnlyForDeploymentPostprocessing = 0;
		};
/* End PBXResourcesBuildPhase section */

/* Begin PBXSourcesBuildPhase section */
		2208805F2AD708B700B54E58 /* Sources */ = {
			isa = PBXSourcesBuildPhase;
			buildActionMask = 2147483647;
			files = (
				22C28AA92AFC31AC002A753A /* Frame2D.swift in Sources */,
				222EDE902AF26166005882F4 /* UserCustomization.swift in Sources */,
				2251C16D2B11213D00514B8B /* ARLoseView.swift in Sources */,
				223CD8262AEA873300A0134A /* O_Shape.swift in Sources */,
				221C1D242B04B88300C015A4 /* ARGameView.swift in Sources */,
				223CD81C2AEA870100A0134A /* I_Shape.swift in Sources */,
				2269C5A32AFEC6B200E76F0F /* NavigationStackManager.swift in Sources */,
				224548502AE1BBF300A81DE4 /* Сolors.swift in Sources */,
				223F693B2AE4823600F71484 /* BackgroundAnimation.swift in Sources */,
				22558B4E2AF8639500F1B9E6 /* StatisticsView.swift in Sources */,
				223CD8222AEA872000A0134A /* L_Shape.swift in Sources */,
				2213ED112AE52ED100F15735 /* Tetromino.swift in Sources */,
				22558B4C2AF7F2B000F1B9E6 /* PixelText.swift in Sources */,
				229C52B02AEEB426004FDBAD /* PauseView.swift in Sources */,
				223CD81E2AEA870D00A0134A /* S_Shape.swift in Sources */,
				2229EB982AF4F90E007CAB88 /* HapticManager.swift in Sources */,
				220880692AD708B700B54E58 /* MainMenu.swift in Sources */,
				22558B4A2AF7E98700F1B9E6 /* EndGameButton.swift in Sources */,
				226E66A92ADFE55A0084B35D /* MenuRoundedButton.swift in Sources */,
				2244E90B2B019A260063FF6C /* ARGameViewController.swift in Sources */,
				223CD8282AEA873B00A0134A /* T_Shape.swift in Sources */,
				22D40FF02B13BC2200FB1E76 /* MoneyGainingLogic.swift in Sources */,
				22A52ACC2B0B2DF600B21720 /* NextShapeView3D.swift in Sources */,
				22365F8C2AFD579B00270FEE /* NextShapeView.swift in Sources */,
				222EFF402B02134A00C392AE /* Frame3D.swift in Sources */,
				220880672AD708B700B54E58 /* TetrisApp.swift in Sources */,
				229C52B22AEEB42E004FDBAD /* LoseView.swift in Sources */,
				22558B482AF7E87800F1B9E6 /* GlowingDivider.swift in Sources */,
				226E66AF2AE059A80084B35D /* Cell2D.swift in Sources */,
				222EFF3B2B02123400C392AE /* ARGameViewRepresentable.swift in Sources */,
				22EE13F52B093A3100EC7C6B /* Plane.swift in Sources */,
				223CD8202AEA871500A0134A /* Z_Shape.swift in Sources */,
				22558B512AF8654E00F1B9E6 /* UserStatistics.swift in Sources */,
				22A52ACE2B0B452900B21720 /* Cell.swift in Sources */,
				226E66AB2ADFEC300084B35D /* GameScene.swift in Sources */,
				226E66AD2AE03FAF0084B35D /* GameView.swift in Sources */,
				223CD8242AEA872700A0134A /* J_Shape.swift in Sources */,
				222EFF3E2B02134400C392AE /* Cell3D.swift in Sources */,
				2251C16B2B11213500514B8B /* ARPauseView.swift in Sources */,
				226E668E2ADFC4FD0084B35D /* GameLogo.swift in Sources */,
			);
			runOnlyForDeploymentPostprocessing = 0;
		};
/* End PBXSourcesBuildPhase section */

/* Begin XCBuildConfiguration section */
		2208806F2AD708B700B54E58 /* Debug */ = {
			isa = XCBuildConfiguration;
			buildSettings = {
				ALWAYS_SEARCH_USER_PATHS = NO;
				ASSETCATALOG_COMPILER_GENERATE_SWIFT_ASSET_SYMBOL_EXTENSIONS = YES;
				CLANG_ANALYZER_NONNULL = YES;
				CLANG_ANALYZER_NUMBER_OBJECT_CONVERSION = YES_AGGRESSIVE;
				CLANG_CXX_LANGUAGE_STANDARD = "gnu++20";
				CLANG_ENABLE_MODULES = YES;
				CLANG_ENABLE_OBJC_ARC = YES;
				CLANG_ENABLE_OBJC_WEAK = YES;
				CLANG_WARN_BLOCK_CAPTURE_AUTORELEASING = YES;
				CLANG_WARN_BOOL_CONVERSION = YES;
				CLANG_WARN_COMMA = YES;
				CLANG_WARN_CONSTANT_CONVERSION = YES;
				CLANG_WARN_DEPRECATED_OBJC_IMPLEMENTATIONS = YES;
				CLANG_WARN_DIRECT_OBJC_ISA_USAGE = YES_ERROR;
				CLANG_WARN_DOCUMENTATION_COMMENTS = YES;
				CLANG_WARN_EMPTY_BODY = YES;
				CLANG_WARN_ENUM_CONVERSION = YES;
				CLANG_WARN_INFINITE_RECURSION = YES;
				CLANG_WARN_INT_CONVERSION = YES;
				CLANG_WARN_NON_LITERAL_NULL_CONVERSION = YES;
				CLANG_WARN_OBJC_IMPLICIT_RETAIN_SELF = YES;
				CLANG_WARN_OBJC_LITERAL_CONVERSION = YES;
				CLANG_WARN_OBJC_ROOT_CLASS = YES_ERROR;
				CLANG_WARN_QUOTED_INCLUDE_IN_FRAMEWORK_HEADER = YES;
				CLANG_WARN_RANGE_LOOP_ANALYSIS = YES;
				CLANG_WARN_STRICT_PROTOTYPES = YES;
				CLANG_WARN_SUSPICIOUS_MOVE = YES;
				CLANG_WARN_UNGUARDED_AVAILABILITY = YES_AGGRESSIVE;
				CLANG_WARN_UNREACHABLE_CODE = YES;
				CLANG_WARN__DUPLICATE_METHOD_MATCH = YES;
				COPY_PHASE_STRIP = NO;
				DEBUG_INFORMATION_FORMAT = dwarf;
				ENABLE_STRICT_OBJC_MSGSEND = YES;
				ENABLE_TESTABILITY = YES;
				ENABLE_USER_SCRIPT_SANDBOXING = YES;
				GCC_C_LANGUAGE_STANDARD = gnu17;
				GCC_DYNAMIC_NO_PIC = NO;
				GCC_NO_COMMON_BLOCKS = YES;
				GCC_OPTIMIZATION_LEVEL = 0;
				GCC_PREPROCESSOR_DEFINITIONS = (
					"DEBUG=1",
					"$(inherited)",
				);
				GCC_WARN_64_TO_32_BIT_CONVERSION = YES;
				GCC_WARN_ABOUT_RETURN_TYPE = YES_ERROR;
				GCC_WARN_UNDECLARED_SELECTOR = YES;
				GCC_WARN_UNINITIALIZED_AUTOS = YES_AGGRESSIVE;
				GCC_WARN_UNUSED_FUNCTION = YES;
				GCC_WARN_UNUSED_VARIABLE = YES;
				IPHONEOS_DEPLOYMENT_TARGET = 17.0;
				LOCALIZATION_PREFERS_STRING_CATALOGS = YES;
				MTL_ENABLE_DEBUG_INFO = INCLUDE_SOURCE;
				MTL_FAST_MATH = YES;
				ONLY_ACTIVE_ARCH = YES;
				SDKROOT = iphoneos;
				SWIFT_ACTIVE_COMPILATION_CONDITIONS = "DEBUG $(inherited)";
				SWIFT_OPTIMIZATION_LEVEL = "-Onone";
			};
			name = Debug;
		};
		220880702AD708B700B54E58 /* Release */ = {
			isa = XCBuildConfiguration;
			buildSettings = {
				ALWAYS_SEARCH_USER_PATHS = NO;
				ASSETCATALOG_COMPILER_GENERATE_SWIFT_ASSET_SYMBOL_EXTENSIONS = YES;
				CLANG_ANALYZER_NONNULL = YES;
				CLANG_ANALYZER_NUMBER_OBJECT_CONVERSION = YES_AGGRESSIVE;
				CLANG_CXX_LANGUAGE_STANDARD = "gnu++20";
				CLANG_ENABLE_MODULES = YES;
				CLANG_ENABLE_OBJC_ARC = YES;
				CLANG_ENABLE_OBJC_WEAK = YES;
				CLANG_WARN_BLOCK_CAPTURE_AUTORELEASING = YES;
				CLANG_WARN_BOOL_CONVERSION = YES;
				CLANG_WARN_COMMA = YES;
				CLANG_WARN_CONSTANT_CONVERSION = YES;
				CLANG_WARN_DEPRECATED_OBJC_IMPLEMENTATIONS = YES;
				CLANG_WARN_DIRECT_OBJC_ISA_USAGE = YES_ERROR;
				CLANG_WARN_DOCUMENTATION_COMMENTS = YES;
				CLANG_WARN_EMPTY_BODY = YES;
				CLANG_WARN_ENUM_CONVERSION = YES;
				CLANG_WARN_INFINITE_RECURSION = YES;
				CLANG_WARN_INT_CONVERSION = YES;
				CLANG_WARN_NON_LITERAL_NULL_CONVERSION = YES;
				CLANG_WARN_OBJC_IMPLICIT_RETAIN_SELF = YES;
				CLANG_WARN_OBJC_LITERAL_CONVERSION = YES;
				CLANG_WARN_OBJC_ROOT_CLASS = YES_ERROR;
				CLANG_WARN_QUOTED_INCLUDE_IN_FRAMEWORK_HEADER = YES;
				CLANG_WARN_RANGE_LOOP_ANALYSIS = YES;
				CLANG_WARN_STRICT_PROTOTYPES = YES;
				CLANG_WARN_SUSPICIOUS_MOVE = YES;
				CLANG_WARN_UNGUARDED_AVAILABILITY = YES_AGGRESSIVE;
				CLANG_WARN_UNREACHABLE_CODE = YES;
				CLANG_WARN__DUPLICATE_METHOD_MATCH = YES;
				COPY_PHASE_STRIP = NO;
				DEBUG_INFORMATION_FORMAT = "dwarf-with-dsym";
				ENABLE_NS_ASSERTIONS = NO;
				ENABLE_STRICT_OBJC_MSGSEND = YES;
				ENABLE_USER_SCRIPT_SANDBOXING = YES;
				GCC_C_LANGUAGE_STANDARD = gnu17;
				GCC_NO_COMMON_BLOCKS = YES;
				GCC_WARN_64_TO_32_BIT_CONVERSION = YES;
				GCC_WARN_ABOUT_RETURN_TYPE = YES_ERROR;
				GCC_WARN_UNDECLARED_SELECTOR = YES;
				GCC_WARN_UNINITIALIZED_AUTOS = YES_AGGRESSIVE;
				GCC_WARN_UNUSED_FUNCTION = YES;
				GCC_WARN_UNUSED_VARIABLE = YES;
				IPHONEOS_DEPLOYMENT_TARGET = 17.0;
				LOCALIZATION_PREFERS_STRING_CATALOGS = YES;
				MTL_ENABLE_DEBUG_INFO = NO;
				MTL_FAST_MATH = YES;
				SDKROOT = iphoneos;
				SWIFT_COMPILATION_MODE = wholemodule;
				VALIDATE_PRODUCT = YES;
			};
			name = Release;
		};
		220880722AD708B700B54E58 /* Debug */ = {
			isa = XCBuildConfiguration;
			buildSettings = {
				ASSETCATALOG_COMPILER_APPICON_NAME = AppIcon;
				ASSETCATALOG_COMPILER_GLOBAL_ACCENT_COLOR_NAME = AccentColor;
				CODE_SIGN_STYLE = Automatic;
				CURRENT_PROJECT_VERSION = 1;
				DEVELOPMENT_ASSET_PATHS = "\"Tetris/Preview Content\"";
				DEVELOPMENT_TEAM = 7XT92ZBRMN;
				ENABLE_PREVIEWS = YES;
				GENERATE_INFOPLIST_FILE = YES;
				INFOPLIST_FILE = Tetris/Info.plist;
				INFOPLIST_KEY_UIApplicationSceneManifest_Generation = YES;
				INFOPLIST_KEY_UIApplicationSupportsIndirectInputEvents = YES;
				INFOPLIST_KEY_UILaunchScreen_Generation = YES;
				INFOPLIST_KEY_UISupportedInterfaceOrientations_iPad = "UIInterfaceOrientationPortrait UIInterfaceOrientationPortraitUpsideDown UIInterfaceOrientationLandscapeLeft UIInterfaceOrientationLandscapeRight";
				INFOPLIST_KEY_UISupportedInterfaceOrientations_iPhone = "UIInterfaceOrientationPortrait UIInterfaceOrientationLandscapeLeft UIInterfaceOrientationLandscapeRight";
				LD_RUNPATH_SEARCH_PATHS = (
					"$(inherited)",
					"@executable_path/Frameworks",
				);
				MARKETING_VERSION = 1.0;
				PRODUCT_BUNDLE_IDENTIFIER = idk.Tetris;
				PRODUCT_NAME = "$(TARGET_NAME)";
				SWIFT_EMIT_LOC_STRINGS = YES;
				SWIFT_VERSION = 5.0;
				TARGETED_DEVICE_FAMILY = "1,2";
			};
			name = Debug;
		};
		220880732AD708B700B54E58 /* Release */ = {
			isa = XCBuildConfiguration;
			buildSettings = {
				ASSETCATALOG_COMPILER_APPICON_NAME = AppIcon;
				ASSETCATALOG_COMPILER_GLOBAL_ACCENT_COLOR_NAME = AccentColor;
				CODE_SIGN_STYLE = Automatic;
				CURRENT_PROJECT_VERSION = 1;
				DEVELOPMENT_ASSET_PATHS = "\"Tetris/Preview Content\"";
				DEVELOPMENT_TEAM = 7XT92ZBRMN;
				ENABLE_PREVIEWS = YES;
				GENERATE_INFOPLIST_FILE = YES;
				INFOPLIST_FILE = Tetris/Info.plist;
				INFOPLIST_KEY_UIApplicationSceneManifest_Generation = YES;
				INFOPLIST_KEY_UIApplicationSupportsIndirectInputEvents = YES;
				INFOPLIST_KEY_UILaunchScreen_Generation = YES;
				INFOPLIST_KEY_UISupportedInterfaceOrientations_iPad = "UIInterfaceOrientationPortrait UIInterfaceOrientationPortraitUpsideDown UIInterfaceOrientationLandscapeLeft UIInterfaceOrientationLandscapeRight";
				INFOPLIST_KEY_UISupportedInterfaceOrientations_iPhone = "UIInterfaceOrientationPortrait UIInterfaceOrientationLandscapeLeft UIInterfaceOrientationLandscapeRight";
				LD_RUNPATH_SEARCH_PATHS = (
					"$(inherited)",
					"@executable_path/Frameworks",
				);
				MARKETING_VERSION = 1.0;
				PRODUCT_BUNDLE_IDENTIFIER = idk.Tetris;
				PRODUCT_NAME = "$(TARGET_NAME)";
				SWIFT_EMIT_LOC_STRINGS = YES;
				SWIFT_VERSION = 5.0;
				TARGETED_DEVICE_FAMILY = "1,2";
			};
			name = Release;
		};
/* End XCBuildConfiguration section */

/* Begin XCConfigurationList section */
		2208805E2AD708B700B54E58 /* Build configuration list for PBXProject "Tetris" */ = {
			isa = XCConfigurationList;
			buildConfigurations = (
				2208806F2AD708B700B54E58 /* Debug */,
				220880702AD708B700B54E58 /* Release */,
			);
			defaultConfigurationIsVisible = 0;
			defaultConfigurationName = Release;
		};
		220880712AD708B700B54E58 /* Build configuration list for PBXNativeTarget "Tetris" */ = {
			isa = XCConfigurationList;
			buildConfigurations = (
				220880722AD708B700B54E58 /* Debug */,
				220880732AD708B700B54E58 /* Release */,
			);
			defaultConfigurationIsVisible = 0;
			defaultConfigurationName = Release;
		};
/* End XCConfigurationList section */
	};
	rootObject = 2208805B2AD708B700B54E58 /* Project object */;
}
